{
  "requires": true,
  "lockfileVersion": 1,
  "dependencies": {
    "animate.css": {
      "version": "3.7.0",
      "resolved": "https://registry.npmjs.org/animate.css/-/animate.css-3.7.0.tgz",
      "integrity": "sha512-u3iMXDJr0cxMdQocIciDiou9Au4L5f9uT+/jCtprw3s1j3HcfCuI+khF+90Ps2KdsEhM2soF7SXB4WUvI3HlXg=="
    },
    "bootstrap": {
      "version": "4.1.1",
      "resolved": "https://registry.npmjs.org/bootstrap/-/bootstrap-4.1.1.tgz",
      "integrity": "sha512-SpiDSOcbg4J/PjVSt4ny5eY6j74VbVSjROY4Fb/WIUXBV9cnb5luyR4KnPvNoXuGnBK1T+nJIWqRsvU3yP8Mcg=="
    },
    "jquery": {
      "version": "3.3.1",
      "resolved": "https://registry.npmjs.org/jquery/-/jquery-3.3.1.tgz",
      "integrity": "sha512-Ubldcmxp5np52/ENotGxlLe6aGMvmF4R8S6tZjsP6Knsaxd/xp3Zrh50cG93lR6nPXyUFwzN3ZSOQI0wRJNdGg=="
    },
    "startbootstrap-blog-home": {
      "version": "4.1.1",
      "resolved": "https://registry.npmjs.org/startbootstrap-blog-home/-/startbootstrap-blog-home-4.1.1.tgz",
      "integrity": "sha512-VJsyvGZtPpZOUGRLay20wahSq8Ob1kRAiBsnbttsqGmsbAUQAasu+SZ19Vz0H0hYwun7+M2kZzxwL+58vYzh2A==",
      "requires": {
        "bootstrap": "4.1.1",
        "jquery": "3.3.1"
      }
    }
  }
}
